
Microsoft Visual Studio Solution File, Format Version 12.00
# Visual Studio Version 17
VisualStudioVersion = 17.5.002.0
MinimumVisualStudioVersion = 10.0.40219.1
Project("{9A19103F-16F7-4668-BE54-9A1E7A4F7556}") = "MyDemo", "MyDemo.csproj", "{FAB2A626-11D0-4DF8-8771-399DB253CF65}"
EndProject
Global
	GlobalSection(SolutionConfigurationPlatforms) = preSolution
		Debug|Any CPU = Debug|Any CPU
		Release|Any CPU = Release|Any CPU
	EndGlobalSection
	GlobalSection(ProjectConfigurationPlatforms) = postSolution
		{FAB2A626-11D0-4DF8-8771-399DB253CF65}.Debug|Any CPU.ActiveCfg = Debug|Any CPU
		{FAB2A626-11D0-4DF8-8771-399DB253CF65}.Debug|Any CPU.Build.0 = Debug|Any CPU
		{FAB2A626-11D0-4DF8-8771-399DB253CF65}.Release|Any CPU.ActiveCfg = Release|Any CPU
		{FAB2A626-11D0-4DF8-8771-399DB253CF65}.Release|Any CPU.Build.0 = Release|Any CPU
	EndGlobalSection
	GlobalSection(SolutionProperties) = preSolution
		HideSolutionNode = FALSE
	EndGlobalSection
	GlobalSection(ExtensibilityGlobals) = postSolution
		SolutionGuid = {BB0D395C-451B-4E5A-B84C-51C0DA6FDBC7}
	EndGlobalSection
EndGlobal
